PODS:
  - FBSnapshotTestCase (2.1.4):
    - FBSnapshotTestCase/SwiftSupport (= 2.1.4)
  - FBSnapshotTestCase/Core (2.1.4)
  - FBSnapshotTestCase/SwiftSupport (2.1.4):
    - FBSnapshotTestCase/Core
  - YTDevice (0.1.0)

DEPENDENCIES:
  - FBSnapshotTestCase
  - YTDevice (from `../`)

EXTERNAL SOURCES:
  YTDevice:
    :path: ../

SPEC CHECKSUMS:
  FBSnapshotTestCase: 094f9f314decbabe373b87cc339bea235a63e07a
  YTDevice: 8e42f8ce13c19ceefceb4827034f806a0c449e47

PODFILE CHECKSUM: 9a030e402f5d2dbd40d55d737254f3e2e80ff8b1

COCOAPODS: 1.2.1
